{
  "entries": {
    "agent-claude": "sha256:7540f5fe8c58ee1ad1e4dc610873679f1263cb6c46b77495313d35e5f9520158",
    "agent-claude-broker": "sha256:47cface1ea813f571d0e27c090d43412de4560be41c4781f8b4da3157cdc3af6",
    "agent-claude-proxy": "sha256:2256fa8c8226e98da61a407c488ce2e329d0381d910b9d641c955bc182595eaf",
    "agent-claude-shared": "sha256:33b5b4f15c452ff1887c3c3c7ecaecc66f7c43b0658916e8b9030e8bb3979fa4",
    "agent-codex": "sha256:1ee4e8d28a21c3dd2eb56b0b337401c505deb672e7d11475bbea46e76eefc8ef",
    "agent-codex-broker": "sha256:c3609a2be08271b49622ba0f1346edbdeccac385343cb0f823fa07bec6c8c839",
    "agent-codex-shared": "sha256:c05b7b9ee37f428a266dc02fd0d6c6b8efa4684ca4d87ba7d97e3ed12bdfa699",
    "browser": "sha256:9d89233566180247f50bb9c5c688f1f374387f2077ecb930e0fb51fc5eff0ca9",
    "git": "sha256:efece73b1ed7f77ac855d061faa179d07ac755b049b59996d384d0ef816390c1",
    "hpc-launcher": "sha256:49211af017b2587a3272713e797a3e6a3d05b806d9985694af5c3449afe888a3",
    "hpc-modules": "sha256:0ff6b4d2171e7cfcb1f0f40d29c42cc0e75a96136d85fe8f78d398ce95296e17",
    "nudge": "sha256:e42f7a1db843c32b65e1204cfc45e17ed4db852877f2bd8f29ce963e27ccce03",
    "web-ports": "sha256:f9eda4de5244dab9567dd9b962d1b116590b1d3fc5fc3e442d899565a37d84f5",
    "wolfram-sidecar": "sha256:ba3e5372f0f5ee121810c9cba4429e72277bd37d225d0dfffb0ecd3698b66ea3"
  },
  "version": "trusted-plugins-v1"
}